NeoBundleLock YouCompleteMe cc623d43ea028646b2457ce7fdf94acfa4980b51
NeoBundleLock ag.vim 6600953fc7c85ca43216abf4765118994bf0cc5f
NeoBundleLock lightline.vim 616837f44e4606257f134e6cf3f9cd4e8098019a
NeoBundleLock neobundle.vim 1d9257dfcff297959332f262351746ec88166965
NeoBundleLock nerdtree 4ebbb533c3faf2c480211db2b547972bb3b60f2b
NeoBundleLock rust.vim 2450ecf3091cc7c2711ca9f00eae8e3bedd04376
NeoBundleLock tlib_vim 945510e351a36a05ad2c02e2376ce5426f091f08
NeoBundleLock tmuxline.vim 1e638ef6b2673130db123f25b1ae1160c5289bb8
NeoBundleLock ultisnips 1b481f312e6e0ade4c330e61a098d71294e8b43f
NeoBundleLock unite.vim f376de838a46c4848a81a2e95ebc4116732b1fef
NeoBundleLock vim-addon-mw-utils 0c5612fa31ee434ba055e21c76f456244b3b5109
NeoBundleLock vim-colorschemes 28a989b28457e38df620e4c7ab23e224aff70efe
NeoBundleLock vim-cpp-enhanced-highlight a8024aaff835e1c2a90db54cac511713aeaaf3b7
NeoBundleLock vim-fugitive 18d6d1ab82d9ac15586d7d3c1a36f9ef6fb50eae
NeoBundleLock vim-g 795a8e76905b1cce0d6ec5bbe6829c6d396aeb9d
NeoBundleLock vim-ruby d87025e237360de04b76495b654882d37577766d
NeoBundleLock vim-snippets c0040abe4e54786c77ec41d6dbd1be916a03a506
