NeoBundleLock YouCompleteMe 65cc309421b199a2bde68b97105537d5c489d401
NeoBundleLock ag.vim c478f7973074f15bbf82c298a1678b4e23f1767a
NeoBundleLock lightline.vim 616837f44e4606257f134e6cf3f9cd4e8098019a
NeoBundleLock neobundle.vim 10101ebc95c8d8109507c9d86e285075b9ccc3e8
NeoBundleLock nerdtree 0b44415a3302030b56755cc1135ca9ca57dc1ada
NeoBundleLock tlib_vim 671706f4403968e727a8e37269099f07f781c9c9
NeoBundleLock tmuxline.vim 1e638ef6b2673130db123f25b1ae1160c5289bb8
NeoBundleLock ultisnips ef72df8e782b1b0b82189dfea949547b330fb215
NeoBundleLock unite.vim a25a0324d9664da1ae392c861539fd389e2c1a9b
NeoBundleLock vim-addon-mw-utils 0c5612fa31ee434ba055e21c76f456244b3b5109
NeoBundleLock vim-colorschemes 28a989b28457e38df620e4c7ab23e224aff70efe
NeoBundleLock vim-cpp-enhanced-highlight 9fd8048a7ee5a6d2e3c0d189b10973e734161269
NeoBundleLock vim-g 795a8e76905b1cce0d6ec5bbe6829c6d396aeb9d
NeoBundleLock vim-snippets 413b3507fb280aff90add9b1acbb3c49b2d6873d
